
Microsoft Visual Studio Solution File, Format Version 12.00
# Visual Studio Version 16
VisualStudioVersion = 16.0.31515.178
MinimumVisualStudioVersion = 10.0.40219.1
Project("{FAE04EC0-301F-11D3-BF4B-00C04F79EFBC}") = "SocialNetData", "SocialNetData\SocialNetData.csproj", "{3A3C1A6B-4319-4230-AE28-4C9219717EE2}"
EndProject
Project("{FAE04EC0-301F-11D3-BF4B-00C04F79EFBC}") = "SocialNetServices", "..\SocialNetServices\SocialNetServices.csproj", "{314B5F81-70AE-4DDD-A791-A3E655825D54}"
EndProject
Global
	GlobalSection(SolutionConfigurationPlatforms) = preSolution
		Debug|Any CPU = Debug|Any CPU
		Release|Any CPU = Release|Any CPU
	EndGlobalSection
	GlobalSection(ProjectConfigurationPlatforms) = postSolution
		{3A3C1A6B-4319-4230-AE28-4C9219717EE2}.Debug|Any CPU.ActiveCfg = Debug|Any CPU
		{3A3C1A6B-4319-4230-AE28-4C9219717EE2}.Debug|Any CPU.Build.0 = Debug|Any CPU
		{3A3C1A6B-4319-4230-AE28-4C9219717EE2}.Release|Any CPU.ActiveCfg = Release|Any CPU
		{3A3C1A6B-4319-4230-AE28-4C9219717EE2}.Release|Any CPU.Build.0 = Release|Any CPU
		{314B5F81-70AE-4DDD-A791-A3E655825D54}.Debug|Any CPU.ActiveCfg = Debug|Any CPU
		{314B5F81-70AE-4DDD-A791-A3E655825D54}.Debug|Any CPU.Build.0 = Debug|Any CPU
		{314B5F81-70AE-4DDD-A791-A3E655825D54}.Release|Any CPU.ActiveCfg = Release|Any CPU
		{314B5F81-70AE-4DDD-A791-A3E655825D54}.Release|Any CPU.Build.0 = Release|Any CPU
	EndGlobalSection
	GlobalSection(SolutionProperties) = preSolution
		HideSolutionNode = FALSE
	EndGlobalSection
	GlobalSection(ExtensibilityGlobals) = postSolution
		SolutionGuid = {978688DB-74EB-4FBB-86CB-65BE5CDBA2C9}
	EndGlobalSection
EndGlobal
